Microsoft Visual Studio Solution File, Format Version 10.00
# Visual Studio 2008
Project("{FAE04EC0-301F-11D3-BF4B-00C04F79EFBC}") = "WindowsFormsApplication7", "WindowsFormsApplication7\WindowsFormsApplication7.csproj", "{775049AA-34C8-4543-B6CC-8B35655A747F}"
EndProject
Global
	GlobalSection(SolutionConfigurationPlatforms) = preSolution
		Debug|Any CPU = Debug|Any CPU
		Release|Any CPU = Release|Any CPU
	EndGlobalSection
	GlobalSection(ProjectConfigurationPlatforms) = postSolution
		{775049AA-34C8-4543-B6CC-8B35655A747F}.Debug|Any CPU.ActiveCfg = Debug|Any CPU
		{775049AA-34C8-4543-B6CC-8B35655A747F}.Debug|Any CPU.Build.0 = Debug|Any CPU
		{775049AA-34C8-4543-B6CC-8B35655A747F}.Release|Any CPU.ActiveCfg = Release|Any CPU
		{775049AA-34C8-4543-B6CC-8B35655A747F}.Release|Any CPU.Build.0 = Release|Any CPU
	EndGlobalSection
	GlobalSection(SolutionProperties) = preSolution
		HideSolutionNode = FALSE
	EndGlobalSection
EndGlobal
