Microsoft Visual Studio Solution File, Format Version 12.00
# Visual Studio Version 17
VisualStudioVersion = 17.14.36603.0 d17.14
MinimumVisualStudioVersion = 10.0.40219.1
Project("{F184B08F-C81C-45F6-A57F-5ABD9991F28F}") = "WindowsFormsApplication7", "WindowsFormsApplication7\WindowsFormsApplication7.vbproj", "{775049AA-34C8-4543-B6CC-8B35655A747F}"
EndProject
Global
	GlobalSection(SolutionConfigurationPlatforms) = preSolution
		Debug|Any CPU = Debug|Any CPU
		Release|Any CPU = Release|Any CPU
	EndGlobalSection
	GlobalSection(ProjectConfigurationPlatforms) = postSolution
		{775049AA-34C8-4543-B6CC-8B35655A747F}.Debug|Any CPU.ActiveCfg = Debug|Any CPU
		{775049AA-34C8-4543-B6CC-8B35655A747F}.Debug|Any CPU.Build.0 = Debug|Any CPU
		{775049AA-34C8-4543-B6CC-8B35655A747F}.Release|Any CPU.ActiveCfg = Release|Any CPU
		{775049AA-34C8-4543-B6CC-8B35655A747F}.Release|Any CPU.Build.0 = Release|Any CPU
	EndGlobalSection
	GlobalSection(SolutionProperties) = preSolution
		HideSolutionNode = FALSE
	EndGlobalSection
	GlobalSection(ExtensibilityGlobals) = postSolution
		SolutionGuid = {E25C722D-7DB7-47F7-B470-577DDDA538DD}
	EndGlobalSection
EndGlobal
